
Microsoft Visual Studio Solution File, Format Version 12.00
# Visual Studio Version 16
VisualStudioVersion = 16.0.31205.134
MinimumVisualStudioVersion = 10.0.40219.1
Project("{FAE04EC0-301F-11D3-BF4B-00C04F79EFBC}") = "MPPC.App", "MPPC.App\MPPC.App.csproj", "{F073381A-A692-4BC5-AD05-50C12C605EC2}"
EndProject
Global
	GlobalSection(SolutionConfigurationPlatforms) = preSolution
		Debug|Any CPU = Debug|Any CPU
		Release|Any CPU = Release|Any CPU
	EndGlobalSection
	GlobalSection(ProjectConfigurationPlatforms) = postSolution
		{F073381A-A692-4BC5-AD05-50C12C605EC2}.Debug|Any CPU.ActiveCfg = Debug|Any CPU
		{F073381A-A692-4BC5-AD05-50C12C605EC2}.Debug|Any CPU.Build.0 = Debug|Any CPU
		{F073381A-A692-4BC5-AD05-50C12C605EC2}.Release|Any CPU.ActiveCfg = Release|Any CPU
		{F073381A-A692-4BC5-AD05-50C12C605EC2}.Release|Any CPU.Build.0 = Release|Any CPU
	EndGlobalSection
	GlobalSection(SolutionProperties) = preSolution
		HideSolutionNode = FALSE
	EndGlobalSection
	GlobalSection(ExtensibilityGlobals) = postSolution
		SolutionGuid = {8014537D-0547-49B9-AC6B-231B5E2579A3}
	EndGlobalSection
EndGlobal
